# This file was autogenerated by Stack.
# You should not edit this file by hand.
# For more information, please see the documentation at:
#   https://docs.haskellstack.org/en/stable/lock_files

packages:
- completed:
    hackage: ocaml-export-0.13.0@sha256:aba2890c2a95448b61f5e9dfce48248fd0411c6bfd4159b3333385412f0b3a0c,2863
    pantry-tree:
      size: 1451
      sha256: ec25bc322f8eebb7b2a8c614d8d4ebc7e89292cbd9f9e7a6faa2a445595a9b37
  original:
    hackage: ocaml-export-0.13.0
snapshots:
- completed:
    size: 499461
    url: https://raw.githubusercontent.com/commercialhaskell/stackage-snapshots/master/lts/13/25.yaml
    sha256: aed98969628e20615e96b06083c933c7e3354ae56b08b75e607a26569225d6c0
  original: lts-13.25
